
Microsoft Visual Studio Solution File, Format Version 12.00
# Visual Studio Version 17
VisualStudioVersion = 17.2.32630.192
MinimumVisualStudioVersion = 10.0.40219.1
Project("{FAE04EC0-301F-11D3-BF4B-00C04F79EFBC}") = "Problem4_1", "Problem4_1\Problem4_1.csproj", "{067C31D8-B924-4106-9870-22912D5974B1}"
EndProject
Project("{FAE04EC0-301F-11D3-BF4B-00C04F79EFBC}") = "Problem4_2", "Problem4_2\Problem4_2.csproj", "{A1610E6C-2319-48AE-9CE8-CA960443F170}"
EndProject
Project("{FAE04EC0-301F-11D3-BF4B-00C04F79EFBC}") = "Problem4_3", "Problem4_3\Problem4_3.csproj", "{43EBB505-E76C-4BBB-9C07-5CF51D65BE97}"
EndProject
Project("{FAE04EC0-301F-11D3-BF4B-00C04F79EFBC}") = "Problem4_4", "Problem4_4\Problem4_4.csproj", "{E338A20D-143F-477B-9A46-E72AA04C35DA}"
EndProject
Project("{FAE04EC0-301F-11D3-BF4B-00C04F79EFBC}") = "Problem4_5", "Problem4_5\Problem4_5.csproj", "{565E378E-A78B-44A9-8F54-0A72DCF05176}"
EndProject
Project("{FAE04EC0-301F-11D3-BF4B-00C04F79EFBC}") = "Problem4_6", "Problem4_6\Problem4_6.csproj", "{6994C82F-767B-407E-AE21-5B3CB07B164D}"
EndProject
Project("{FAE04EC0-301F-11D3-BF4B-00C04F79EFBC}") = "Problem4_7", "Problem4_7\Problem4_7.csproj", "{75791E9A-35B2-4720-AA12-08608663BF0E}"
EndProject
Project("{FAE04EC0-301F-11D3-BF4B-00C04F79EFBC}") = "Problem4_8", "Problem4_8\Problem4_8.csproj", "{472B5171-EF60-41C6-B1B1-470DA4016420}"
EndProject
Project("{FAE04EC0-301F-11D3-BF4B-00C04F79EFBC}") = "Problem4_9", "Problem4_9\Problem4_9.csproj", "{0986B7C7-D933-4D08-A694-B7D26B1BA445}"
EndProject
Project("{FAE04EC0-301F-11D3-BF4B-00C04F79EFBC}") = "Problem4_10", "Problem4_10\Problem4_10.csproj", "{7D86CB00-CAD8-4C38-A836-C04A90E703E1}"
EndProject
Project("{FAE04EC0-301F-11D3-BF4B-00C04F79EFBC}") = "Problem4_11", "Problem4_11\Problem4_11.csproj", "{3EF4E285-5E89-4320-A647-FA1B201E3D5D}"
EndProject
Project("{FAE04EC0-301F-11D3-BF4B-00C04F79EFBC}") = "Problem4_12", "Problem4_12\Problem4_12.csproj", "{D24D9EE6-0D78-4FC1-907B-26E3A3972FAE}"
EndProject
Project("{FAE04EC0-301F-11D3-BF4B-00C04F79EFBC}") = "Problem4_13", "Problem4_13\Problem4_13.csproj", "{82C591F4-6DF3-4585-8C6D-336F357926AF}"
EndProject
Project("{FAE04EC0-301F-11D3-BF4B-00C04F79EFBC}") = "Problem4_14", "Problem4_14\Problem4_14.csproj", "{2D8E7AC1-4CFA-43B8-AAB1-ED698D14CFBC}"
EndProject
Project("{FAE04EC0-301F-11D3-BF4B-00C04F79EFBC}") = "Problem4_15", "Problem4_15\Problem4_15.csproj", "{0DD7F53B-5E06-4160-AAFC-8B0DEFC93B59}"
EndProject
Project("{FAE04EC0-301F-11D3-BF4B-00C04F79EFBC}") = "Problem4_16", "Problem4_16\Problem4_16.csproj", "{F53D15E9-7F92-471B-B296-9F1A093D00AB}"
EndProject
Project("{FAE04EC0-301F-11D3-BF4B-00C04F79EFBC}") = "Problem4_17", "Problem4_17\Problem4_17.csproj", "{01CF36D9-0FBD-4884-A781-DDD03045FB98}"
EndProject
Project("{FAE04EC0-301F-11D3-BF4B-00C04F79EFBC}") = "Problem4_18", "Problem4_18\Problem4_18.csproj", "{952B0B67-0180-41FF-BD81-466C0A575BE9}"
EndProject
Global
	GlobalSection(SolutionConfigurationPlatforms) = preSolution
		Debug|Any CPU = Debug|Any CPU
		Release|Any CPU = Release|Any CPU
	EndGlobalSection
	GlobalSection(ProjectConfigurationPlatforms) = postSolution
		{067C31D8-B924-4106-9870-22912D5974B1}.Debug|Any CPU.ActiveCfg = Debug|Any CPU
		{067C31D8-B924-4106-9870-22912D5974B1}.Debug|Any CPU.Build.0 = Debug|Any CPU
		{067C31D8-B924-4106-9870-22912D5974B1}.Release|Any CPU.ActiveCfg = Release|Any CPU
		{067C31D8-B924-4106-9870-22912D5974B1}.Release|Any CPU.Build.0 = Release|Any CPU
		{A1610E6C-2319-48AE-9CE8-CA960443F170}.Debug|Any CPU.ActiveCfg = Debug|Any CPU
		{A1610E6C-2319-48AE-9CE8-CA960443F170}.Debug|Any CPU.Build.0 = Debug|Any CPU
		{A1610E6C-2319-48AE-9CE8-CA960443F170}.Release|Any CPU.ActiveCfg = Release|Any CPU
		{A1610E6C-2319-48AE-9CE8-CA960443F170}.Release|Any CPU.Build.0 = Release|Any CPU
		{43EBB505-E76C-4BBB-9C07-5CF51D65BE97}.Debug|Any CPU.ActiveCfg = Debug|Any CPU
		{43EBB505-E76C-4BBB-9C07-5CF51D65BE97}.Debug|Any CPU.Build.0 = Debug|Any CPU
		{43EBB505-E76C-4BBB-9C07-5CF51D65BE97}.Release|Any CPU.ActiveCfg = Release|Any CPU
		{43EBB505-E76C-4BBB-9C07-5CF51D65BE97}.Release|Any CPU.Build.0 = Release|Any CPU
		{E338A20D-143F-477B-9A46-E72AA04C35DA}.Debug|Any CPU.ActiveCfg = Debug|Any CPU
		{E338A20D-143F-477B-9A46-E72AA04C35DA}.Debug|Any CPU.Build.0 = Debug|Any CPU
		{E338A20D-143F-477B-9A46-E72AA04C35DA}.Release|Any CPU.ActiveCfg = Release|Any CPU
		{E338A20D-143F-477B-9A46-E72AA04C35DA}.Release|Any CPU.Build.0 = Release|Any CPU
		{565E378E-A78B-44A9-8F54-0A72DCF05176}.Debug|Any CPU.ActiveCfg = Debug|Any CPU
		{565E378E-A78B-44A9-8F54-0A72DCF05176}.Debug|Any CPU.Build.0 = Debug|Any CPU
		{565E378E-A78B-44A9-8F54-0A72DCF05176}.Release|Any CPU.ActiveCfg = Release|Any CPU
		{565E378E-A78B-44A9-8F54-0A72DCF05176}.Release|Any CPU.Build.0 = Release|Any CPU
		{6994C82F-767B-407E-AE21-5B3CB07B164D}.Debug|Any CPU.ActiveCfg = Debug|Any CPU
		{6994C82F-767B-407E-AE21-5B3CB07B164D}.Debug|Any CPU.Build.0 = Debug|Any CPU
		{6994C82F-767B-407E-AE21-5B3CB07B164D}.Release|Any CPU.ActiveCfg = Release|Any CPU
		{6994C82F-767B-407E-AE21-5B3CB07B164D}.Release|Any CPU.Build.0 = Release|Any CPU
		{75791E9A-35B2-4720-AA12-08608663BF0E}.Debug|Any CPU.ActiveCfg = Debug|Any CPU
		{75791E9A-35B2-4720-AA12-08608663BF0E}.Debug|Any CPU.Build.0 = Debug|Any CPU
		{75791E9A-35B2-4720-AA12-08608663BF0E}.Release|Any CPU.ActiveCfg = Release|Any CPU
		{75791E9A-35B2-4720-AA12-08608663BF0E}.Release|Any CPU.Build.0 = Release|Any CPU
		{472B5171-EF60-41C6-B1B1-470DA4016420}.Debug|Any CPU.ActiveCfg = Debug|Any CPU
		{472B5171-EF60-41C6-B1B1-470DA4016420}.Debug|Any CPU.Build.0 = Debug|Any CPU
		{472B5171-EF60-41C6-B1B1-470DA4016420}.Release|Any CPU.ActiveCfg = Release|Any CPU
		{472B5171-EF60-41C6-B1B1-470DA4016420}.Release|Any CPU.Build.0 = Release|Any CPU
		{0986B7C7-D933-4D08-A694-B7D26B1BA445}.Debug|Any CPU.ActiveCfg = Debug|Any CPU
		{0986B7C7-D933-4D08-A694-B7D26B1BA445}.Debug|Any CPU.Build.0 = Debug|Any CPU
		{0986B7C7-D933-4D08-A694-B7D26B1BA445}.Release|Any CPU.ActiveCfg = Release|Any CPU
		{0986B7C7-D933-4D08-A694-B7D26B1BA445}.Release|Any CPU.Build.0 = Release|Any CPU
		{7D86CB00-CAD8-4C38-A836-C04A90E703E1}.Debug|Any CPU.ActiveCfg = Debug|Any CPU
		{7D86CB00-CAD8-4C38-A836-C04A90E703E1}.Debug|Any CPU.Build.0 = Debug|Any CPU
		{7D86CB00-CAD8-4C38-A836-C04A90E703E1}.Release|Any CPU.ActiveCfg = Release|Any CPU
		{7D86CB00-CAD8-4C38-A836-C04A90E703E1}.Release|Any CPU.Build.0 = Release|Any CPU
		{3EF4E285-5E89-4320-A647-FA1B201E3D5D}.Debug|Any CPU.ActiveCfg = Debug|Any CPU
		{3EF4E285-5E89-4320-A647-FA1B201E3D5D}.Debug|Any CPU.Build.0 = Debug|Any CPU
		{3EF4E285-5E89-4320-A647-FA1B201E3D5D}.Release|Any CPU.ActiveCfg = Release|Any CPU
		{3EF4E285-5E89-4320-A647-FA1B201E3D5D}.Release|Any CPU.Build.0 = Release|Any CPU
		{D24D9EE6-0D78-4FC1-907B-26E3A3972FAE}.Debug|Any CPU.ActiveCfg = Debug|Any CPU
		{D24D9EE6-0D78-4FC1-907B-26E3A3972FAE}.Debug|Any CPU.Build.0 = Debug|Any CPU
		{D24D9EE6-0D78-4FC1-907B-26E3A3972FAE}.Release|Any CPU.ActiveCfg = Release|Any CPU
		{D24D9EE6-0D78-4FC1-907B-26E3A3972FAE}.Release|Any CPU.Build.0 = Release|Any CPU
		{82C591F4-6DF3-4585-8C6D-336F357926AF}.Debug|Any CPU.ActiveCfg = Debug|Any CPU
		{82C591F4-6DF3-4585-8C6D-336F357926AF}.Debug|Any CPU.Build.0 = Debug|Any CPU
		{82C591F4-6DF3-4585-8C6D-336F357926AF}.Release|Any CPU.ActiveCfg = Release|Any CPU
		{82C591F4-6DF3-4585-8C6D-336F357926AF}.Release|Any CPU.Build.0 = Release|Any CPU
		{2D8E7AC1-4CFA-43B8-AAB1-ED698D14CFBC}.Debug|Any CPU.ActiveCfg = Debug|Any CPU
		{2D8E7AC1-4CFA-43B8-AAB1-ED698D14CFBC}.Debug|Any CPU.Build.0 = Debug|Any CPU
		{2D8E7AC1-4CFA-43B8-AAB1-ED698D14CFBC}.Release|Any CPU.ActiveCfg = Release|Any CPU
		{2D8E7AC1-4CFA-43B8-AAB1-ED698D14CFBC}.Release|Any CPU.Build.0 = Release|Any CPU
		{0DD7F53B-5E06-4160-AAFC-8B0DEFC93B59}.Debug|Any CPU.ActiveCfg = Debug|Any CPU
		{0DD7F53B-5E06-4160-AAFC-8B0DEFC93B59}.Debug|Any CPU.Build.0 = Debug|Any CPU
		{0DD7F53B-5E06-4160-AAFC-8B0DEFC93B59}.Release|Any CPU.ActiveCfg = Release|Any CPU
		{0DD7F53B-5E06-4160-AAFC-8B0DEFC93B59}.Release|Any CPU.Build.0 = Release|Any CPU
		{F53D15E9-7F92-471B-B296-9F1A093D00AB}.Debug|Any CPU.ActiveCfg = Debug|Any CPU
		{F53D15E9-7F92-471B-B296-9F1A093D00AB}.Debug|Any CPU.Build.0 = Debug|Any CPU
		{F53D15E9-7F92-471B-B296-9F1A093D00AB}.Release|Any CPU.ActiveCfg = Release|Any CPU
		{F53D15E9-7F92-471B-B296-9F1A093D00AB}.Release|Any CPU.Build.0 = Release|Any CPU
		{01CF36D9-0FBD-4884-A781-DDD03045FB98}.Debug|Any CPU.ActiveCfg = Debug|Any CPU
		{01CF36D9-0FBD-4884-A781-DDD03045FB98}.Debug|Any CPU.Build.0 = Debug|Any CPU
		{01CF36D9-0FBD-4884-A781-DDD03045FB98}.Release|Any CPU.ActiveCfg = Release|Any CPU
		{01CF36D9-0FBD-4884-A781-DDD03045FB98}.Release|Any CPU.Build.0 = Release|Any CPU
		{952B0B67-0180-41FF-BD81-466C0A575BE9}.Debug|Any CPU.ActiveCfg = Debug|Any CPU
		{952B0B67-0180-41FF-BD81-466C0A575BE9}.Debug|Any CPU.Build.0 = Debug|Any CPU
		{952B0B67-0180-41FF-BD81-466C0A575BE9}.Release|Any CPU.ActiveCfg = Release|Any CPU
		{952B0B67-0180-41FF-BD81-466C0A575BE9}.Release|Any CPU.Build.0 = Release|Any CPU
	EndGlobalSection
	GlobalSection(SolutionProperties) = preSolution
		HideSolutionNode = FALSE
	EndGlobalSection
	GlobalSection(ExtensibilityGlobals) = postSolution
		SolutionGuid = {408E2C69-0975-41AD-AFC9-7DE012A36BCB}
	EndGlobalSection
EndGlobal
